
Microsoft Visual Studio Solution File, Format Version 12.00
# TcXaeShell Solution File, Format Version 11.00
VisualStudioVersion = 15.0.28307.1913
MinimumVisualStudioVersion = 10.0.40219.1
Project("{B1E792BE-AA5F-4E3C-8C82-674BF9C0715B}") = "JSZW400", "JSZW\JSZW400.tsproj", "{76B10380-30F3-4F62-A212-E88B7573DC41}"
EndProject
Project("{FD9F1D59-E000-42F3-8744-88DE1BE93C06}") = "TwinCAT Measurement Project1", "TwinCAT Measurement Project1\TwinCAT Measurement Project1.tcmproj", "{B0CDADAA-7B04-4114-BF32-C62CA9D0B944}"
EndProject
Global
	GlobalSection(SolutionConfigurationPlatforms) = preSolution
		Debug|TwinCAT CE7 (ARMV7) = Debug|TwinCAT CE7 (ARMV7)
		Debug|TwinCAT OS (ARMT2) = Debug|TwinCAT OS (ARMT2)
		Debug|TwinCAT RT (x64) = Debug|TwinCAT RT (x64)
		Debug|TwinCAT RT (x86) = Debug|TwinCAT RT (x86)
		Release|TwinCAT CE7 (ARMV7) = Release|TwinCAT CE7 (ARMV7)
		Release|TwinCAT OS (ARMT2) = Release|TwinCAT OS (ARMT2)
		Release|TwinCAT RT (x64) = Release|TwinCAT RT (x64)
		Release|TwinCAT RT (x86) = Release|TwinCAT RT (x86)
	EndGlobalSection
	GlobalSection(ProjectConfigurationPlatforms) = postSolution
		{76B10380-30F3-4F62-A212-E88B7573DC41}.Debug|TwinCAT CE7 (ARMV7).ActiveCfg = Debug|TwinCAT CE7 (ARMV7)
		{76B10380-30F3-4F62-A212-E88B7573DC41}.Debug|TwinCAT CE7 (ARMV7).Build.0 = Debug|TwinCAT CE7 (ARMV7)
		{76B10380-30F3-4F62-A212-E88B7573DC41}.Debug|TwinCAT OS (ARMT2).ActiveCfg = Debug|TwinCAT OS (ARMT2)
		{76B10380-30F3-4F62-A212-E88B7573DC41}.Debug|TwinCAT OS (ARMT2).Build.0 = Debug|TwinCAT OS (ARMT2)
		{76B10380-30F3-4F62-A212-E88B7573DC41}.Debug|TwinCAT RT (x64).ActiveCfg = Debug|TwinCAT RT (x64)
		{76B10380-30F3-4F62-A212-E88B7573DC41}.Debug|TwinCAT RT (x64).Build.0 = Debug|TwinCAT RT (x64)
		{76B10380-30F3-4F62-A212-E88B7573DC41}.Debug|TwinCAT RT (x86).ActiveCfg = Debug|TwinCAT RT (x86)
		{76B10380-30F3-4F62-A212-E88B7573DC41}.Debug|TwinCAT RT (x86).Build.0 = Debug|TwinCAT RT (x86)
		{76B10380-30F3-4F62-A212-E88B7573DC41}.Release|TwinCAT CE7 (ARMV7).ActiveCfg = Release|TwinCAT CE7 (ARMV7)
		{76B10380-30F3-4F62-A212-E88B7573DC41}.Release|TwinCAT CE7 (ARMV7).Build.0 = Release|TwinCAT CE7 (ARMV7)
		{76B10380-30F3-4F62-A212-E88B7573DC41}.Release|TwinCAT OS (ARMT2).ActiveCfg = Release|TwinCAT OS (ARMT2)
		{76B10380-30F3-4F62-A212-E88B7573DC41}.Release|TwinCAT OS (ARMT2).Build.0 = Release|TwinCAT OS (ARMT2)
		{76B10380-30F3-4F62-A212-E88B7573DC41}.Release|TwinCAT RT (x64).ActiveCfg = Release|TwinCAT RT (x64)
		{76B10380-30F3-4F62-A212-E88B7573DC41}.Release|TwinCAT RT (x64).Build.0 = Release|TwinCAT RT (x64)
		{76B10380-30F3-4F62-A212-E88B7573DC41}.Release|TwinCAT RT (x86).ActiveCfg = Release|TwinCAT RT (x86)
		{76B10380-30F3-4F62-A212-E88B7573DC41}.Release|TwinCAT RT (x86).Build.0 = Release|TwinCAT RT (x86)
		{B0CDADAA-7B04-4114-BF32-C62CA9D0B944}.Debug|TwinCAT CE7 (ARMV7).ActiveCfg = Debug|TwinCAT CE7 (ARMV7)
		{B0CDADAA-7B04-4114-BF32-C62CA9D0B944}.Debug|TwinCAT OS (ARMT2).ActiveCfg = Debug|TwinCAT OS (ARMT2)
		{B0CDADAA-7B04-4114-BF32-C62CA9D0B944}.Debug|TwinCAT RT (x64).ActiveCfg = Debug|TwinCAT RT (x64)
		{B0CDADAA-7B04-4114-BF32-C62CA9D0B944}.Debug|TwinCAT RT (x86).ActiveCfg = Debug|TwinCAT RT (x86)
		{B0CDADAA-7B04-4114-BF32-C62CA9D0B944}.Release|TwinCAT CE7 (ARMV7).ActiveCfg = Release|TwinCAT CE7 (ARMV7)
		{B0CDADAA-7B04-4114-BF32-C62CA9D0B944}.Release|TwinCAT OS (ARMT2).ActiveCfg = Release|TwinCAT OS (ARMT2)
		{B0CDADAA-7B04-4114-BF32-C62CA9D0B944}.Release|TwinCAT RT (x64).ActiveCfg = Release|TwinCAT RT (x64)
		{B0CDADAA-7B04-4114-BF32-C62CA9D0B944}.Release|TwinCAT RT (x86).ActiveCfg = Release|TwinCAT RT (x86)
		{83048FA0-1415-4CFC-9274-C9595C9151EE}.Debug|TwinCAT CE7 (ARMV7).ActiveCfg = Debug|TwinCAT CE7 (ARMV7)
		{83048FA0-1415-4CFC-9274-C9595C9151EE}.Debug|TwinCAT CE7 (ARMV7).Build.0 = Debug|TwinCAT CE7 (ARMV7)
		{83048FA0-1415-4CFC-9274-C9595C9151EE}.Debug|TwinCAT OS (ARMT2).ActiveCfg = Debug|TwinCAT OS (ARMT2)
		{83048FA0-1415-4CFC-9274-C9595C9151EE}.Debug|TwinCAT OS (ARMT2).Build.0 = Debug|TwinCAT OS (ARMT2)
		{83048FA0-1415-4CFC-9274-C9595C9151EE}.Debug|TwinCAT RT (x64).ActiveCfg = Debug|TwinCAT RT (x64)
		{83048FA0-1415-4CFC-9274-C9595C9151EE}.Debug|TwinCAT RT (x64).Build.0 = Debug|TwinCAT RT (x64)
		{83048FA0-1415-4CFC-9274-C9595C9151EE}.Debug|TwinCAT RT (x86).ActiveCfg = Debug|TwinCAT RT (x86)
		{83048FA0-1415-4CFC-9274-C9595C9151EE}.Debug|TwinCAT RT (x86).Build.0 = Debug|TwinCAT RT (x86)
		{83048FA0-1415-4CFC-9274-C9595C9151EE}.Release|TwinCAT CE7 (ARMV7).ActiveCfg = Release|TwinCAT CE7 (ARMV7)
		{83048FA0-1415-4CFC-9274-C9595C9151EE}.Release|TwinCAT CE7 (ARMV7).Build.0 = Release|TwinCAT CE7 (ARMV7)
		{83048FA0-1415-4CFC-9274-C9595C9151EE}.Release|TwinCAT OS (ARMT2).ActiveCfg = Release|TwinCAT OS (ARMT2)
		{83048FA0-1415-4CFC-9274-C9595C9151EE}.Release|TwinCAT OS (ARMT2).Build.0 = Release|TwinCAT OS (ARMT2)
		{83048FA0-1415-4CFC-9274-C9595C9151EE}.Release|TwinCAT RT (x64).ActiveCfg = Release|TwinCAT RT (x64)
		{83048FA0-1415-4CFC-9274-C9595C9151EE}.Release|TwinCAT RT (x64).Build.0 = Release|TwinCAT RT (x64)
		{83048FA0-1415-4CFC-9274-C9595C9151EE}.Release|TwinCAT RT (x86).ActiveCfg = Release|TwinCAT RT (x86)
		{83048FA0-1415-4CFC-9274-C9595C9151EE}.Release|TwinCAT RT (x86).Build.0 = Release|TwinCAT RT (x86)
	EndGlobalSection
	GlobalSection(SolutionProperties) = preSolution
		HideSolutionNode = FALSE
	EndGlobalSection
	GlobalSection(ExtensibilityGlobals) = postSolution
		SolutionGuid = {9194843E-35D7-40A9-B8C9-ADD77C9147D8}
	EndGlobalSection
EndGlobal
